{
    "requires": true,
    "lockfileVersion": 1,
    "dependencies": {
        "@ionic-native/http": {
            "version": "4.20.0",
            "resolved": "https://registry.npmjs.org/@ionic-native/http/-/http-4.20.0.tgz",
            "integrity": "sha512-DF+Y1oYoHTv9Y22a2jLgniOmj9Twba+9j8rzHA4xboVT2HpB6bsBSWOktdAXDVjoajXiLsA/u7fh6YD8//NVGg=="
        }
    }
}
